{
  "name": "specteam-monorepo",
  "lockfileVersion": 3,
  "requires": true,
  "packages": {
    "": {
      "name": "specteam-monorepo",
      "workspaces": [
        "packages/*"
      ]
    },
    "node_modules/@specteam/fixtures": {
      "resolved": "packages/spec-fixtures",
      "link": true
    },
    "node_modules/@specteam/schema": {
      "resolved": "packages/spec-schema",
      "link": true
    },
    "node_modules/specteam-cli": {
      "resolved": "packages/cli",
      "link": true
    },
    "node_modules/specteam-vscode": {
      "resolved": "packages/vscode-extension",
      "link": true
    },
    "node_modules/typescript": {
      "version": "5.9.3",
      "resolved": "https://registry.npmjs.org/typescript/-/typescript-5.9.3.tgz",
      "integrity": "sha512-jl1vZzPDinLr9eUt3J/t7V6FgNEw9QjvBPdysz9KfQDD41fQrC2Y4vKQdiaUpFT4bXlb1RHhLpp8wtm6M5TgSw==",
      "dev": true,
      "license": "Apache-2.0",
      "bin": {
        "tsc": "bin/tsc",
        "tsserver": "bin/tsserver"
      },
      "engines": {
        "node": ">=14.17"
      }
    },
    "packages/cli": {
      "name": "specteam-cli",
      "version": "3.1.0",
      "license": "MIT",
      "dependencies": {
        "chalk": "^4.1.2",
        "commander": "^11.1.0"
      },
      "bin": {
        "spec": "bin/spec.js"
      },
      "engines": {
        "node": ">=18"
      }
    },
    "packages/cli/node_modules/ansi-styles": {
      "version": "4.3.0",
      "license": "MIT",
      "dependencies": {
        "color-convert": "^2.0.1"
      },
      "engines": {
        "node": ">=8"
      },
      "funding": {
        "url": "https://github.com/chalk/ansi-styles?sponsor=1"
      }
    },
    "packages/cli/node_modules/chalk": {
      "version": "4.1.2",
      "license": "MIT",
      "dependencies": {
        "ansi-styles": "^4.1.0",
        "supports-color": "^7.1.0"
      },
      "engines": {
        "node": ">=10"
      },
      "funding": {
        "url": "https://github.com/chalk/chalk?sponsor=1"
      }
    },
    "packages/cli/node_modules/color-convert": {
      "version": "2.0.1",
      "license": "MIT",
      "dependencies": {
        "color-name": "~1.1.4"
      },
      "engines": {
        "node": ">=7.0.0"
      }
    },
    "packages/cli/node_modules/color-name": {
      "version": "1.1.4",
      "license": "MIT"
    },
    "packages/cli/node_modules/commander": {
      "version": "11.1.0",
      "license": "MIT",
      "engines": {
        "node": ">=16"
      }
    },
    "packages/cli/node_modules/has-flag": {
      "version": "4.0.0",
      "license": "MIT",
      "engines": {
        "node": ">=8"
      }
    },
    "packages/cli/node_modules/supports-color": {
      "version": "7.2.0",
      "license": "MIT",
      "dependencies": {
        "has-flag": "^4.0.0"
      },
      "engines": {
        "node": ">=8"
      }
    },
    "packages/spec-fixtures": {
      "name": "@specteam/fixtures",
      "version": "0.1.0"
    },
    "packages/spec-schema": {
      "name": "@specteam/schema",
      "version": "0.1.0",
      "devDependencies": {
        "typescript": "^5.1.3"
      }
    },
    "packages/vscode-extension": {
      "name": "specteam-vscode",
      "version": "3.1.0",
      "license": "MIT",
      "devDependencies": {
        "@types/node": "^16.x",
        "@types/vscode": "^1.80.0",
        "typescript": "^5.1.3"
      },
      "engines": {
        "vscode": "^1.80.0"
      }
    },
    "packages/vscode-extension/node_modules/@types/node": {
      "version": "16.18.126",
      "dev": true,
      "license": "MIT"
    },
    "packages/vscode-extension/node_modules/@types/vscode": {
      "version": "1.116.0",
      "dev": true,
      "license": "MIT"
    }
  }
}
